// !$*UTF8*$!
{
	archiveVersion = 1;
	classes = {
	};
	objectVersion = 46;
	objects = {

/* Begin PBXBuildFile section */
		2E3270981C0195F900536C62 /* TransitionManager.swift in Sources */ = {isa = PBXBuildFile; fileRef = 2E3270971C0195F900536C62 /* TransitionManager.swift */; };
		2E57A1141C02197100536C62 /* ResourceCache.swift in Sources */ = {isa = PBXBuildFile; fileRef = 2E57A1131C02197100536C62 /* ResourceCache.swift */; };
		2E73AEC51C01E17F00536C62 /* LateralViewController.swift in Sources */ = {isa = PBXBuildFile; fileRef = 2E73AEC41C01E17F00536C62 /* LateralViewController.swift */; };
		2ECDADC31C01057100536C62 /* AppDelegate.swift in Sources */ = {isa = PBXBuildFile; fileRef = 2ECDADC21C01057100536C62 /* AppDelegate.swift */; };
		2ECDADC81C01057100536C62 /* Main.storyboard in Resources */ = {isa = PBXBuildFile; fileRef = 2ECDADC61C01057100536C62 /* Main.storyboard */; };
		2ECDADCA1C01057100536C62 /* Assets.xcassets in Resources */ = {isa = PBXBuildFile; fileRef = 2ECDADC91C01057100536C62 /* Assets.xcassets */; };
		2ECDADCD1C01057100536C62 /* LaunchScreen.storyboard in Resources */ = {isa = PBXBuildFile; fileRef = 2ECDADCB1C01057100536C62 /* LaunchScreen.storyboard */; };
		2ECDADD51C010E0C00536C62 /* WordPickerViewController.swift in Sources */ = {isa = PBXBuildFile; fileRef = 2ECDADD41C010E0C00536C62 /* WordPickerViewController.swift */; };
		2ECDADD71C013BB600536C62 /* WordPickerViewCell.swift in Sources */ = {isa = PBXBuildFile; fileRef = 2ECDADD61C013BB600536C62 /* WordPickerViewCell.swift */; };
		2EEEEC131C016AB100536C62 /* WordViewController.swift in Sources */ = {isa = PBXBuildFile; fileRef = 2EEEEC121C016AB100536C62 /* WordViewController.swift */; };
/* End PBXBuildFile section */

/* Begin PBXFileReference section */
		2E3270971C0195F900536C62 /* TransitionManager.swift */ = {isa = PBXFileReference; fileEncoding = 4; lastKnownFileType = sourcecode.swift; path = TransitionManager.swift; sourceTree = "<group>"; };
		2E57A1131C02197100536C62 /* ResourceCache.swift */ = {isa = PBXFileReference; fileEncoding = 4; lastKnownFileType = sourcecode.swift; path = ResourceCache.swift; sourceTree = "<group>"; };
		2E73AEC41C01E17F00536C62 /* LateralViewController.swift */ = {isa = PBXFileReference; fileEncoding = 4; lastKnownFileType = sourcecode.swift; path = LateralViewController.swift; sourceTree = "<group>"; };
		2ECDADBF1C01057100536C62 /* Accent.app */ = {isa = PBXFileReference; explicitFileType = wrapper.application; includeInIndex = 0; path = Accent.app; sourceTree = BUILT_PRODUCTS_DIR; };
		2ECDADC21C01057100536C62 /* AppDelegate.swift */ = {isa = PBXFileReference; lastKnownFileType = sourcecode.swift; path = AppDelegate.swift; sourceTree = "<group>"; };
		2ECDADC71C01057100536C62 /* Base */ = {isa = PBXFileReference; lastKnownFileType = file.storyboard; name = Base; path = Base.lproj/Main.storyboard; sourceTree = "<group>"; };
		2ECDADC91C01057100536C62 /* Assets.xcassets */ = {isa = PBXFileReference; lastKnownFileType = folder.assetcatalog; path = Assets.xcassets; sourceTree = "<group>"; };
		2ECDADCC1C01057100536C62 /* Base */ = {isa = PBXFileReference; lastKnownFileType = file.storyboard; name = Base; path = Base.lproj/LaunchScreen.storyboard; sourceTree = "<group>"; };
		2ECDADCE1C01057100536C62 /* Info.plist */ = {isa = PBXFileReference; lastKnownFileType = text.plist.xml; path = Info.plist; sourceTree = "<group>"; };
		2ECDADD41C010E0C00536C62 /* WordPickerViewController.swift */ = {isa = PBXFileReference; fileEncoding = 4; lastKnownFileType = sourcecode.swift; path = WordPickerViewController.swift; sourceTree = "<group>"; };
		2ECDADD61C013BB600536C62 /* WordPickerViewCell.swift */ = {isa = PBXFileReference; fileEncoding = 4; lastKnownFileType = sourcecode.swift; path = WordPickerViewCell.swift; sourceTree = "<group>"; };
		2EEEEC121C016AB100536C62 /* WordViewController.swift */ = {isa = PBXFileReference; fileEncoding = 4; lastKnownFileType = sourcecode.swift; path = WordViewController.swift; sourceTree = "<group>"; };
/* End PBXFileReference section */

/* Begin PBXFrameworksBuildPhase section */
		2ECDADBC1C01057100536C62 /* Frameworks */ = {
			isa = PBXFrameworksBuildPhase;
			buildActionMask = 2147483647;
			files = (
			);
			runOnlyForDeploymentPostprocessing = 0;
		};
/* End PBXFrameworksBuildPhase section */

/* Begin PBXGroup section */
		2ECDADB61C01057100536C62 = {
			isa = PBXGroup;
			children = (
				2ECDADC11C01057100536C62 /* Accent */,
				2ECDADC01C01057100536C62 /* Products */,
			);
			sourceTree = "<group>";
		};
		2ECDADC01C01057100536C62 /* Products */ = {
			isa = PBXGroup;
			children = (
				2ECDADBF1C01057100536C62 /* Accent.app */,
			);
			name = Products;
			sourceTree = "<group>";
		};
		2ECDADC11C01057100536C62 /* Accent */ = {
			isa = PBXGroup;
			children = (
				2ECDADC21C01057100536C62 /* AppDelegate.swift */,
				2ECDADC61C01057100536C62 /* Main.storyboard */,
				2ECDADD41C010E0C00536C62 /* WordPickerViewController.swift */,
				2ECDADD61C013BB600536C62 /* WordPickerViewCell.swift */,
				2EEEEC121C016AB100536C62 /* WordViewController.swift */,
				2E57A1131C02197100536C62 /* ResourceCache.swift */,
				2E73AEC41C01E17F00536C62 /* LateralViewController.swift */,
				2E3270971C0195F900536C62 /* TransitionManager.swift */,
				2ECDADC91C01057100536C62 /* Assets.xcassets */,
				2ECDADCB1C01057100536C62 /* LaunchScreen.storyboard */,
				2ECDADCE1C01057100536C62 /* Info.plist */,
			);
			path = Accent;
			sourceTree = "<group>";
		};
/* End PBXGroup section */

/* Begin PBXNativeTarget section */
		2ECDADBE1C01057100536C62 /* Accent */ = {
			isa = PBXNativeTarget;
			buildConfigurationList = 2ECDADD11C01057100536C62 /* Build configuration list for PBXNativeTarget "Accent" */;
			buildPhases = (
				2ECDADBB1C01057100536C62 /* Sources */,
				2ECDADBC1C01057100536C62 /* Frameworks */,
				2ECDADBD1C01057100536C62 /* Resources */,
			);
			buildRules = (
			);
			dependencies = (
			);
			name = Accent;
			productName = Accent;
			productReference = 2ECDADBF1C01057100536C62 /* Accent.app */;
			productType = "com.apple.product-type.application";
		};
/* End PBXNativeTarget section */

/* Begin PBXProject section */
		2ECDADB71C01057100536C62 /* Project object */ = {
			isa = PBXProject;
			attributes = {
				LastUpgradeCheck = 0700;
				ORGANIZATIONNAME = accent;
				TargetAttributes = {
					2ECDADBE1C01057100536C62 = {
						CreatedOnToolsVersion = 7.0;
						DevelopmentTeam = 5863C43RV9;
					};
				};
			};
			buildConfigurationList = 2ECDADBA1C01057100536C62 /* Build configuration list for PBXProject "Accent" */;
			compatibilityVersion = "Xcode 3.2";
			developmentRegion = English;
			hasScannedForEncodings = 0;
			knownRegions = (
				en,
				Base,
			);
			mainGroup = 2ECDADB61C01057100536C62;
			productRefGroup = 2ECDADC01C01057100536C62 /* Products */;
			projectDirPath = "";
			projectRoot = "";
			targets = (
				2ECDADBE1C01057100536C62 /* Accent */,
			);
		};
/* End PBXProject section */

/* Begin PBXResourcesBuildPhase section */
		2ECDADBD1C01057100536C62 /* Resources */ = {
			isa = PBXResourcesBuildPhase;
			buildActionMask = 2147483647;
			files = (
				2ECDADCD1C01057100536C62 /* LaunchScreen.storyboard in Resources */,
				2ECDADCA1C01057100536C62 /* Assets.xcassets in Resources */,
				2ECDADC81C01057100536C62 /* Main.storyboard in Resources */,
			);
			runOnlyForDeploymentPostprocessing = 0;
		};
/* End PBXResourcesBuildPhase section */

/* Begin PBXSourcesBuildPhase section */
		2ECDADBB1C01057100536C62 /* Sources */ = {
			isa = PBXSourcesBuildPhase;
			buildActionMask = 2147483647;
			files = (
				2E57A1141C02197100536C62 /* ResourceCache.swift in Sources */,
				2ECDADD71C013BB600536C62 /* WordPickerViewCell.swift in Sources */,
				2E3270981C0195F900536C62 /* TransitionManager.swift in Sources */,
				2ECDADD51C010E0C00536C62 /* WordPickerViewController.swift in Sources */,
				2EEEEC131C016AB100536C62 /* WordViewController.swift in Sources */,
				2E73AEC51C01E17F00536C62 /* LateralViewController.swift in Sources */,
				2ECDADC31C01057100536C62 /* AppDelegate.swift in Sources */,
			);
			runOnlyForDeploymentPostprocessing = 0;
		};
/* End PBXSourcesBuildPhase section */

/* Begin PBXVariantGroup section */
		2ECDADC61C01057100536C62 /* Main.storyboard */ = {
			isa = PBXVariantGroup;
			children = (
				2ECDADC71C01057100536C62 /* Base */,
			);
			name = Main.storyboard;
			sourceTree = "<group>";
		};
		2ECDADCB1C01057100536C62 /* LaunchScreen.storyboard */ = {
			isa = PBXVariantGroup;
			children = (
				2ECDADCC1C01057100536C62 /* Base */,
			);
			name = LaunchScreen.storyboard;
			sourceTree = "<group>";
		};
/* End PBXVariantGroup section */

/* Begin XCBuildConfiguration section */
		2ECDADCF1C01057100536C62 /* Debug */ = {
			isa = XCBuildConfiguration;
			buildSettings = {
				ALWAYS_SEARCH_USER_PATHS = NO;
				CLANG_CXX_LANGUAGE_STANDARD = "gnu++0x";
				CLANG_CXX_LIBRARY = "libc++";
				CLANG_ENABLE_MODULES = YES;
				CLANG_ENABLE_OBJC_ARC = YES;
				CLANG_WARN_BOOL_CONVERSION = YES;
				CLANG_WARN_CONSTANT_CONVERSION = YES;
				CLANG_WARN_DIRECT_OBJC_ISA_USAGE = YES_ERROR;
				CLANG_WARN_EMPTY_BODY = YES;
				CLANG_WARN_ENUM_CONVERSION = YES;
				CLANG_WARN_INT_CONVERSION = YES;
				CLANG_WARN_OBJC_ROOT_CLASS = YES_ERROR;
				CLANG_WARN_UNREACHABLE_CODE = YES;
				CLANG_WARN__DUPLICATE_METHOD_MATCH = YES;
				"CODE_SIGN_IDENTITY[sdk=iphoneos*]" = "iPhone Developer";
				COPY_PHASE_STRIP = NO;
				DEBUG_INFORMATION_FORMAT = dwarf;
				ENABLE_STRICT_OBJC_MSGSEND = YES;
				ENABLE_TESTABILITY = YES;
				GCC_C_LANGUAGE_STANDARD = gnu99;
				GCC_DYNAMIC_NO_PIC = NO;
				GCC_NO_COMMON_BLOCKS = YES;
				GCC_OPTIMIZATION_LEVEL = 0;
				GCC_PREPROCESSOR_DEFINITIONS = (
					"DEBUG=1",
					"$(inherited)",
				);
				GCC_WARN_64_TO_32_BIT_CONVERSION = YES;
				GCC_WARN_ABOUT_RETURN_TYPE = YES_ERROR;
				GCC_WARN_UNDECLARED_SELECTOR = YES;
				GCC_WARN_UNINITIALIZED_AUTOS = YES_AGGRESSIVE;
				GCC_WARN_UNUSED_FUNCTION = YES;
				GCC_WARN_UNUSED_VARIABLE = YES;
				IPHONEOS_DEPLOYMENT_TARGET = 9.0;
				MTL_ENABLE_DEBUG_INFO = YES;
				ONLY_ACTIVE_ARCH = YES;
				SDKROOT = iphoneos;
				SWIFT_OPTIMIZATION_LEVEL = "-Onone";
			};
			name = Debug;
		};
		2ECDADD01C01057100536C62 /* Release */ = {
			isa = XCBuildConfiguration;
			buildSettings = {
				ALWAYS_SEARCH_USER_PATHS = NO;
				CLANG_CXX_LANGUAGE_STANDARD = "gnu++0x";
				CLANG_CXX_LIBRARY = "libc++";
				CLANG_ENABLE_MODULES = YES;
				CLANG_ENABLE_OBJC_ARC = YES;
				CLANG_WARN_BOOL_CONVERSION = YES;
				CLANG_WARN_CONSTANT_CONVERSION = YES;
				CLANG_WARN_DIRECT_OBJC_ISA_USAGE = YES_ERROR;
				CLANG_WARN_EMPTY_BODY = YES;
				CLANG_WARN_ENUM_CONVERSION = YES;
				CLANG_WARN_INT_CONVERSION = YES;
				CLANG_WARN_OBJC_ROOT_CLASS = YES_ERROR;
				CLANG_WARN_UNREACHABLE_CODE = YES;
				CLANG_WARN__DUPLICATE_METHOD_MATCH = YES;
				"CODE_SIGN_IDENTITY[sdk=iphoneos*]" = "iPhone Developer";
				COPY_PHASE_STRIP = NO;
				DEBUG_INFORMATION_FORMAT = "dwarf-with-dsym";
				ENABLE_NS_ASSERTIONS = NO;
				ENABLE_STRICT_OBJC_MSGSEND = YES;
				GCC_C_LANGUAGE_STANDARD = gnu99;
				GCC_NO_COMMON_BLOCKS = YES;
				GCC_WARN_64_TO_32_BIT_CONVERSION = YES;
				GCC_WARN_ABOUT_RETURN_TYPE = YES_ERROR;
				GCC_WARN_UNDECLARED_SELECTOR = YES;
				GCC_WARN_UNINITIALIZED_AUTOS = YES_AGGRESSIVE;
				GCC_WARN_UNUSED_FUNCTION = YES;
				GCC_WARN_UNUSED_VARIABLE = YES;
				IPHONEOS_DEPLOYMENT_TARGET = 9.0;
				MTL_ENABLE_DEBUG_INFO = NO;
				SDKROOT = iphoneos;
				VALIDATE_PRODUCT = YES;
			};
			name = Release;
		};
		2ECDADD21C01057100536C62 /* Debug */ = {
			isa = XCBuildConfiguration;
			buildSettings = {
				ASSETCATALOG_COMPILER_APPICON_NAME = AppIcon;
				CODE_SIGN_IDENTITY = "iPhone Developer";
				"CODE_SIGN_IDENTITY[sdk=iphoneos*]" = "iPhone Developer";
				INFOPLIST_FILE = Accent/Info.plist;
				LD_RUNPATH_SEARCH_PATHS = "$(inherited) @executable_path/Frameworks";
				PRODUCT_BUNDLE_IDENTIFIER = com.accent.Accent;
				PRODUCT_NAME = "$(TARGET_NAME)";
				PROVISIONING_PROFILE = "";
			};
			name = Debug;
		};
		2ECDADD31C01057100536C62 /* Release */ = {
			isa = XCBuildConfiguration;
			buildSettings = {
				ASSETCATALOG_COMPILER_APPICON_NAME = AppIcon;
				CODE_SIGN_IDENTITY = "iPhone Developer";
				"CODE_SIGN_IDENTITY[sdk=iphoneos*]" = "iPhone Developer";
				INFOPLIST_FILE = Accent/Info.plist;
				LD_RUNPATH_SEARCH_PATHS = "$(inherited) @executable_path/Frameworks";
				PRODUCT_BUNDLE_IDENTIFIER = com.accent.Accent;
				PRODUCT_NAME = "$(TARGET_NAME)";
				PROVISIONING_PROFILE = "";
			};
			name = Release;
		};
/* End XCBuildConfiguration section */

/* Begin XCConfigurationList section */
		2ECDADBA1C01057100536C62 /* Build configuration list for PBXProject "Accent" */ = {
			isa = XCConfigurationList;
			buildConfigurations = (
				2ECDADCF1C01057100536C62 /* Debug */,
				2ECDADD01C01057100536C62 /* Release */,
			);
			defaultConfigurationIsVisible = 0;
			defaultConfigurationName = Release;
		};
		2ECDADD11C01057100536C62 /* Build configuration list for PBXNativeTarget "Accent" */ = {
			isa = XCConfigurationList;
			buildConfigurations = (
				2ECDADD21C01057100536C62 /* Debug */,
				2ECDADD31C01057100536C62 /* Release */,
			);
			defaultConfigurationIsVisible = 0;
			defaultConfigurationName = Release;
		};
/* End XCConfigurationList section */
	};
	rootObject = 2ECDADB71C01057100536C62 /* Project object */;
}
